
Microsoft Visual Studio Solution File, Format Version 12.00
# Visual Studio Version 17
VisualStudioVersion = 17.4.33006.217
MinimumVisualStudioVersion = 10.0.40219.1
Project("{FAE04EC0-301F-11D3-BF4B-00C04F79EFBC}") = "WebApi", "WebApi\WebApi.csproj", "{72900DA2-3985-4681-A037-7F65E26A2E93}"
EndProject
Project("{FAE04EC0-301F-11D3-BF4B-00C04F79EFBC}") = "WebApp", "WebApp\WebApp.csproj", "{4665FE6D-CE84-4AED-89CF-00A68E32C368}"
EndProject
Project("{E53339B2-1760-4266-BCC7-CA923CBCF16C}") = "docker-compose", "docker-compose.dcproj", "{40CF2FDA-13E4-439A-95E9-B337DC76F5D2}"
EndProject
Global
	GlobalSection(SolutionConfigurationPlatforms) = preSolution
		Debug|Any CPU = Debug|Any CPU
		Release|Any CPU = Release|Any CPU
	EndGlobalSection
	GlobalSection(ProjectConfigurationPlatforms) = postSolution
		{72900DA2-3985-4681-A037-7F65E26A2E93}.Debug|Any CPU.ActiveCfg = Debug|Any CPU
		{72900DA2-3985-4681-A037-7F65E26A2E93}.Debug|Any CPU.Build.0 = Debug|Any CPU
		{72900DA2-3985-4681-A037-7F65E26A2E93}.Release|Any CPU.ActiveCfg = Release|Any CPU
		{72900DA2-3985-4681-A037-7F65E26A2E93}.Release|Any CPU.Build.0 = Release|Any CPU
		{4665FE6D-CE84-4AED-89CF-00A68E32C368}.Debug|Any CPU.ActiveCfg = Debug|Any CPU
		{4665FE6D-CE84-4AED-89CF-00A68E32C368}.Debug|Any CPU.Build.0 = Debug|Any CPU
		{4665FE6D-CE84-4AED-89CF-00A68E32C368}.Release|Any CPU.ActiveCfg = Release|Any CPU
		{4665FE6D-CE84-4AED-89CF-00A68E32C368}.Release|Any CPU.Build.0 = Release|Any CPU
		{40CF2FDA-13E4-439A-95E9-B337DC76F5D2}.Debug|Any CPU.ActiveCfg = Debug|Any CPU
		{40CF2FDA-13E4-439A-95E9-B337DC76F5D2}.Debug|Any CPU.Build.0 = Debug|Any CPU
		{40CF2FDA-13E4-439A-95E9-B337DC76F5D2}.Release|Any CPU.ActiveCfg = Release|Any CPU
		{40CF2FDA-13E4-439A-95E9-B337DC76F5D2}.Release|Any CPU.Build.0 = Release|Any CPU
	EndGlobalSection
	GlobalSection(SolutionProperties) = preSolution
		HideSolutionNode = FALSE
	EndGlobalSection
	GlobalSection(ExtensibilityGlobals) = postSolution
		SolutionGuid = {953064EB-50A0-47E5-B859-F08DFABA23F5}
	EndGlobalSection
EndGlobal
